Microsoft Visual Studio Solution File, Format Version 12.00
# Visual Studio Version 17
VisualStudioVersion = 17.5.2.0
MinimumVisualStudioVersion = 10.0.40219.1
Project("{2150E333-8FDC-42A3-9474-1A3956D46DE8}") = "ProjectCode", "ProjectCode", "{C4690C35-A890-F1F5-7C3A-57442BB583FF}"
EndProject
Project("{FAE04EC0-301F-11D3-BF4B-00C04F79EFBC}") = "HttpServerProject", "ProjectCode\lec-06-prg-01-http-web-server\HttpServerProject.csproj", "{5B8549FB-BA42-3258-D704-1CA92C4722D5}"
EndProject
Project("{FAE04EC0-301F-11D3-BF4B-00C04F79EFBC}") = "lec-06-prg-02-http-web-client", "ProjectCode\lec-06-prg-02-http-web-client\lec-06-prg-02-http-web-client.csproj", "{E7233457-AF2D-B5FC-5D80-34886396E308}"
EndProject
Project("{FAE04EC0-301F-11D3-BF4B-00C04F79EFBC}") = "lec-06-prg-03-json-example", "ProjectCode\lec-06-prg-03-json-example\lec-06-prg-03-json-example.csproj", "{DE2C5914-8C45-7068-4543-0F8E8C30161A}"
EndProject
Project("{FAE04EC0-301F-11D3-BF4B-00C04F79EFBC}") = "lec-06-prg-04-json-example", "ProjectCode\lec-06-prg-04-json-example\lec-06-prg-04-json-example.csproj", "{938FD17E-FA60-1A4A-E71C-9CA968C87485}"
EndProject
Global
	GlobalSection(SolutionConfigurationPlatforms) = preSolution
		Debug|Any CPU = Debug|Any CPU
		Release|Any CPU = Release|Any CPU
	EndGlobalSection
	GlobalSection(ProjectConfigurationPlatforms) = postSolution
		{5B8549FB-BA42-3258-D704-1CA92C4722D5}.Debug|Any CPU.ActiveCfg = Debug|Any CPU
		{5B8549FB-BA42-3258-D704-1CA92C4722D5}.Debug|Any CPU.Build.0 = Debug|Any CPU
		{5B8549FB-BA42-3258-D704-1CA92C4722D5}.Release|Any CPU.ActiveCfg = Release|Any CPU
		{5B8549FB-BA42-3258-D704-1CA92C4722D5}.Release|Any CPU.Build.0 = Release|Any CPU
		{E7233457-AF2D-B5FC-5D80-34886396E308}.Debug|Any CPU.ActiveCfg = Debug|Any CPU
		{E7233457-AF2D-B5FC-5D80-34886396E308}.Debug|Any CPU.Build.0 = Debug|Any CPU
		{E7233457-AF2D-B5FC-5D80-34886396E308}.Release|Any CPU.ActiveCfg = Release|Any CPU
		{E7233457-AF2D-B5FC-5D80-34886396E308}.Release|Any CPU.Build.0 = Release|Any CPU
		{DE2C5914-8C45-7068-4543-0F8E8C30161A}.Debug|Any CPU.ActiveCfg = Debug|Any CPU
		{DE2C5914-8C45-7068-4543-0F8E8C30161A}.Debug|Any CPU.Build.0 = Debug|Any CPU
		{DE2C5914-8C45-7068-4543-0F8E8C30161A}.Release|Any CPU.ActiveCfg = Release|Any CPU
		{DE2C5914-8C45-7068-4543-0F8E8C30161A}.Release|Any CPU.Build.0 = Release|Any CPU
		{938FD17E-FA60-1A4A-E71C-9CA968C87485}.Debug|Any CPU.ActiveCfg = Debug|Any CPU
		{938FD17E-FA60-1A4A-E71C-9CA968C87485}.Debug|Any CPU.Build.0 = Debug|Any CPU
		{938FD17E-FA60-1A4A-E71C-9CA968C87485}.Release|Any CPU.ActiveCfg = Release|Any CPU
		{938FD17E-FA60-1A4A-E71C-9CA968C87485}.Release|Any CPU.Build.0 = Release|Any CPU
	EndGlobalSection
	GlobalSection(SolutionProperties) = preSolution
		HideSolutionNode = FALSE
	EndGlobalSection
	GlobalSection(NestedProjects) = preSolution
		{5B8549FB-BA42-3258-D704-1CA92C4722D5} = {C4690C35-A890-F1F5-7C3A-57442BB583FF}
		{E7233457-AF2D-B5FC-5D80-34886396E308} = {C4690C35-A890-F1F5-7C3A-57442BB583FF}
		{DE2C5914-8C45-7068-4543-0F8E8C30161A} = {C4690C35-A890-F1F5-7C3A-57442BB583FF}
		{938FD17E-FA60-1A4A-E71C-9CA968C87485} = {C4690C35-A890-F1F5-7C3A-57442BB583FF}
	EndGlobalSection
	GlobalSection(ExtensibilityGlobals) = postSolution
		SolutionGuid = {A307E6EB-0397-4CC3-9477-4FB5D2B277BC}
	EndGlobalSection
EndGlobal
