Microsoft Visual Studio Solution File, Format Version 12.00
# Visual Studio Version 17
VisualStudioVersion = 17.5.2.0
MinimumVisualStudioVersion = 10.0.40219.1
Project("{FAE04EC0-301F-11D3-BF4B-00C04F79EFBC}") = "HttpServerProject", "lec-06-prg-01-http-web-server\HttpServerProject.csproj", "{24AC6946-4048-2492-7CFE-9F63125ECF89}"
EndProject
Project("{FAE04EC0-301F-11D3-BF4B-00C04F79EFBC}") = "lec-06-prg-02-http-web-client", "lec-06-prg-02-http-web-client\lec-06-prg-02-http-web-client.csproj", "{494599E0-C21D-9FC3-7C15-C43E7BF44591}"
EndProject
Global
	GlobalSection(SolutionConfigurationPlatforms) = preSolution
		Debug|Any CPU = Debug|Any CPU
		Release|Any CPU = Release|Any CPU
	EndGlobalSection
	GlobalSection(ProjectConfigurationPlatforms) = postSolution
		{24AC6946-4048-2492-7CFE-9F63125ECF89}.Debug|Any CPU.ActiveCfg = Debug|Any CPU
		{24AC6946-4048-2492-7CFE-9F63125ECF89}.Debug|Any CPU.Build.0 = Debug|Any CPU
		{24AC6946-4048-2492-7CFE-9F63125ECF89}.Release|Any CPU.ActiveCfg = Release|Any CPU
		{24AC6946-4048-2492-7CFE-9F63125ECF89}.Release|Any CPU.Build.0 = Release|Any CPU
		{494599E0-C21D-9FC3-7C15-C43E7BF44591}.Debug|Any CPU.ActiveCfg = Debug|Any CPU
		{494599E0-C21D-9FC3-7C15-C43E7BF44591}.Debug|Any CPU.Build.0 = Debug|Any CPU
		{494599E0-C21D-9FC3-7C15-C43E7BF44591}.Release|Any CPU.ActiveCfg = Release|Any CPU
		{494599E0-C21D-9FC3-7C15-C43E7BF44591}.Release|Any CPU.Build.0 = Release|Any CPU
	EndGlobalSection
	GlobalSection(SolutionProperties) = preSolution
		HideSolutionNode = FALSE
	EndGlobalSection
	GlobalSection(ExtensibilityGlobals) = postSolution
		SolutionGuid = {0061802B-7EDD-4DB6-97B7-2FFEB41C46B8}
	EndGlobalSection
EndGlobal
